# THIS IS AN AUTOGENERATED FILE. DO NOT EDIT THIS FILE DIRECTLY.
# yarn lockfile v1


foundation-sites@^6.6.1:
  version "6.6.1"
  resolved "https://registry.yarnpkg.com/foundation-sites/-/foundation-sites-6.6.1.tgz#79dce2f897cc08fafa7e8d56f5b0e88b51c45d38"
  integrity sha512-4GrCL8L3osFJM6WCNRIQs5kGX5BCKNuO2zzQN68lUTblgpH7FUE28ctkbNFqoTnkUmWARj5VtiS3oQob3H0eZA==
